
Microsoft Visual Studio Solution File, Format Version 12.00
# Visual Studio Version 17
VisualStudioVersion = 17.5.33502.453
MinimumVisualStudioVersion = 10.0.40219.1
Project("{FAE04EC0-301F-11D3-BF4B-00C04F79EFBC}") = "EnemyAnimation", "EnemyAnimation\EnemyAnimation.csproj", "{9130A9C0-30F7-4119-AA3E-8EC154AF39BD}"
EndProject
Global
	GlobalSection(SolutionConfigurationPlatforms) = preSolution
		Debug|Any CPU = Debug|Any CPU
		Release|Any CPU = Release|Any CPU
	EndGlobalSection
	GlobalSection(ProjectConfigurationPlatforms) = postSolution
		{9130A9C0-30F7-4119-AA3E-8EC154AF39BD}.Debug|Any CPU.ActiveCfg = Debug|Any CPU
		{9130A9C0-30F7-4119-AA3E-8EC154AF39BD}.Debug|Any CPU.Build.0 = Debug|Any CPU
		{9130A9C0-30F7-4119-AA3E-8EC154AF39BD}.Release|Any CPU.ActiveCfg = Release|Any CPU
		{9130A9C0-30F7-4119-AA3E-8EC154AF39BD}.Release|Any CPU.Build.0 = Release|Any CPU
	EndGlobalSection
	GlobalSection(SolutionProperties) = preSolution
		HideSolutionNode = FALSE
	EndGlobalSection
	GlobalSection(ExtensibilityGlobals) = postSolution
		SolutionGuid = {DAB2A624-17C7-4E3B-9249-751B012EFDFC}
	EndGlobalSection
EndGlobal
